
Microsoft Visual Studio Solution File, Format Version 12.00
Project("{FAE04EC0-301F-11D3-BF4B-00C04F79EFBC}") = "API", "API\API.csproj", "{669717B0-2D16-4DEF-ADA5-8B49202FC75C}"
EndProject
Project("{FAE04EC0-301F-11D3-BF4B-00C04F79EFBC}") = "Domain", "Domain\Domain.csproj", "{2D9CD831-E206-4A6A-9B47-1CDBAA882672}"
EndProject
Project("{FAE04EC0-301F-11D3-BF4B-00C04F79EFBC}") = "Infrastructure", "Infrastructure\Infrastructure.csproj", "{1CF5EE79-A960-4983-BF49-67F9310DD093}"
EndProject
Project("{FAE04EC0-301F-11D3-BF4B-00C04F79EFBC}") = "Models", "Models\Models.csproj", "{1E6FD8E2-F64A-4E34-8823-3C02446603A2}"
EndProject
Project("{FAE04EC0-301F-11D3-BF4B-00C04F79EFBC}") = "Persistence", "Persistence\Persistence.csproj", "{845718AF-7C7C-4B15-86EE-06548970895A}"
EndProject
Project("{FAE04EC0-301F-11D3-BF4B-00C04F79EFBC}") = "Application", "Application\Application.csproj", "{C501226B-4FBA-436E-B39D-0D06A384BB94}"
EndProject
Global
	GlobalSection(SolutionConfigurationPlatforms) = preSolution
		Debug|Any CPU = Debug|Any CPU
		Release|Any CPU = Release|Any CPU
	EndGlobalSection
	GlobalSection(ProjectConfigurationPlatforms) = postSolution
		{669717B0-2D16-4DEF-ADA5-8B49202FC75C}.Debug|Any CPU.ActiveCfg = Debug|Any CPU
		{669717B0-2D16-4DEF-ADA5-8B49202FC75C}.Debug|Any CPU.Build.0 = Debug|Any CPU
		{669717B0-2D16-4DEF-ADA5-8B49202FC75C}.Release|Any CPU.ActiveCfg = Release|Any CPU
		{669717B0-2D16-4DEF-ADA5-8B49202FC75C}.Release|Any CPU.Build.0 = Release|Any CPU
		{2D9CD831-E206-4A6A-9B47-1CDBAA882672}.Debug|Any CPU.ActiveCfg = Debug|Any CPU
		{2D9CD831-E206-4A6A-9B47-1CDBAA882672}.Debug|Any CPU.Build.0 = Debug|Any CPU
		{2D9CD831-E206-4A6A-9B47-1CDBAA882672}.Release|Any CPU.ActiveCfg = Release|Any CPU
		{2D9CD831-E206-4A6A-9B47-1CDBAA882672}.Release|Any CPU.Build.0 = Release|Any CPU
		{1CF5EE79-A960-4983-BF49-67F9310DD093}.Debug|Any CPU.ActiveCfg = Debug|Any CPU
		{1CF5EE79-A960-4983-BF49-67F9310DD093}.Debug|Any CPU.Build.0 = Debug|Any CPU
		{1CF5EE79-A960-4983-BF49-67F9310DD093}.Release|Any CPU.ActiveCfg = Release|Any CPU
		{1CF5EE79-A960-4983-BF49-67F9310DD093}.Release|Any CPU.Build.0 = Release|Any CPU
		{1E6FD8E2-F64A-4E34-8823-3C02446603A2}.Debug|Any CPU.ActiveCfg = Debug|Any CPU
		{1E6FD8E2-F64A-4E34-8823-3C02446603A2}.Debug|Any CPU.Build.0 = Debug|Any CPU
		{1E6FD8E2-F64A-4E34-8823-3C02446603A2}.Release|Any CPU.ActiveCfg = Release|Any CPU
		{1E6FD8E2-F64A-4E34-8823-3C02446603A2}.Release|Any CPU.Build.0 = Release|Any CPU
		{845718AF-7C7C-4B15-86EE-06548970895A}.Debug|Any CPU.ActiveCfg = Debug|Any CPU
		{845718AF-7C7C-4B15-86EE-06548970895A}.Debug|Any CPU.Build.0 = Debug|Any CPU
		{845718AF-7C7C-4B15-86EE-06548970895A}.Release|Any CPU.ActiveCfg = Release|Any CPU
		{845718AF-7C7C-4B15-86EE-06548970895A}.Release|Any CPU.Build.0 = Release|Any CPU
		{C501226B-4FBA-436E-B39D-0D06A384BB94}.Debug|Any CPU.ActiveCfg = Debug|Any CPU
		{C501226B-4FBA-436E-B39D-0D06A384BB94}.Debug|Any CPU.Build.0 = Debug|Any CPU
		{C501226B-4FBA-436E-B39D-0D06A384BB94}.Release|Any CPU.ActiveCfg = Release|Any CPU
		{C501226B-4FBA-436E-B39D-0D06A384BB94}.Release|Any CPU.Build.0 = Release|Any CPU
	EndGlobalSection
EndGlobal
